
Microsoft Visual Studio Solution File, Format Version 12.00
# Visual Studio Version 16
VisualStudioVersion = 16.0.29020.237
MinimumVisualStudioVersion = 10.0.40219.1
Project("{FAE04EC0-301F-11D3-BF4B-00C04F79EFBC}") = "Exercicios2019-12-4", "Exercicios2019-12-4\Exercicios2019-12-4.csproj", "{78360870-73ED-443F-9D05-8A0DA493B761}"
EndProject
Global
	GlobalSection(SolutionConfigurationPlatforms) = preSolution
		Debug|Any CPU = Debug|Any CPU
		Release|Any CPU = Release|Any CPU
	EndGlobalSection
	GlobalSection(ProjectConfigurationPlatforms) = postSolution
		{78360870-73ED-443F-9D05-8A0DA493B761}.Debug|Any CPU.ActiveCfg = Debug|Any CPU
		{78360870-73ED-443F-9D05-8A0DA493B761}.Debug|Any CPU.Build.0 = Debug|Any CPU
		{78360870-73ED-443F-9D05-8A0DA493B761}.Release|Any CPU.ActiveCfg = Release|Any CPU
		{78360870-73ED-443F-9D05-8A0DA493B761}.Release|Any CPU.Build.0 = Release|Any CPU
	EndGlobalSection
	GlobalSection(SolutionProperties) = preSolution
		HideSolutionNode = FALSE
	EndGlobalSection
	GlobalSection(ExtensibilityGlobals) = postSolution
		SolutionGuid = {3C615D18-06B8-46BA-A922-7A9384018368}
	EndGlobalSection
EndGlobal
