
Microsoft Visual Studio Solution File, Format Version 12.00
# Visual Studio Version 16
VisualStudioVersion = 16.0.29020.237
MinimumVisualStudioVersion = 10.0.40219.1
Project("{FAE04EC0-301F-11D3-BF4B-00C04F79EFBC}") = "CrudCompletoRegistroPessoa", "CrudCompletoRegistroPessoa\CrudCompletoRegistroPessoa.csproj", "{CEF2FB96-2EE6-4A56-8E42-0F75A59559BB}"
EndProject
Global
	GlobalSection(SolutionConfigurationPlatforms) = preSolution
		Debug|Any CPU = Debug|Any CPU
		Release|Any CPU = Release|Any CPU
	EndGlobalSection
	GlobalSection(ProjectConfigurationPlatforms) = postSolution
		{CEF2FB96-2EE6-4A56-8E42-0F75A59559BB}.Debug|Any CPU.ActiveCfg = Debug|Any CPU
		{CEF2FB96-2EE6-4A56-8E42-0F75A59559BB}.Debug|Any CPU.Build.0 = Debug|Any CPU
		{CEF2FB96-2EE6-4A56-8E42-0F75A59559BB}.Release|Any CPU.ActiveCfg = Release|Any CPU
		{CEF2FB96-2EE6-4A56-8E42-0F75A59559BB}.Release|Any CPU.Build.0 = Release|Any CPU
	EndGlobalSection
	GlobalSection(SolutionProperties) = preSolution
		HideSolutionNode = FALSE
	EndGlobalSection
	GlobalSection(ExtensibilityGlobals) = postSolution
		SolutionGuid = {D2FA8CC8-4146-4A96-B52F-D6596A611D6E}
	EndGlobalSection
EndGlobal
