
Microsoft Visual Studio Solution File, Format Version 12.00
# Visual Studio Version 16
VisualStudioVersion = 16.0.29020.237
MinimumVisualStudioVersion = 10.0.40219.1
Project("{FAE04EC0-301F-11D3-BF4B-00C04F79EFBC}") = "PossoaBancoDeDados", "PossoaBancoDeDados\PossoaBancoDeDados.csproj", "{155A3A82-3ED3-487A-9AD9-EB554EF6518C}"
EndProject
Global
	GlobalSection(SolutionConfigurationPlatforms) = preSolution
		Debug|Any CPU = Debug|Any CPU
		Release|Any CPU = Release|Any CPU
	EndGlobalSection
	GlobalSection(ProjectConfigurationPlatforms) = postSolution
		{155A3A82-3ED3-487A-9AD9-EB554EF6518C}.Debug|Any CPU.ActiveCfg = Debug|Any CPU
		{155A3A82-3ED3-487A-9AD9-EB554EF6518C}.Debug|Any CPU.Build.0 = Debug|Any CPU
		{155A3A82-3ED3-487A-9AD9-EB554EF6518C}.Release|Any CPU.ActiveCfg = Release|Any CPU
		{155A3A82-3ED3-487A-9AD9-EB554EF6518C}.Release|Any CPU.Build.0 = Release|Any CPU
	EndGlobalSection
	GlobalSection(SolutionProperties) = preSolution
		HideSolutionNode = FALSE
	EndGlobalSection
	GlobalSection(ExtensibilityGlobals) = postSolution
		SolutionGuid = {3E0B4563-919D-40D1-AFB6-FF29E4518678}
	EndGlobalSection
EndGlobal
