
Microsoft Visual Studio Solution File, Format Version 12.00
# Visual Studio Version 16
VisualStudioVersion = 16.0.29020.237
MinimumVisualStudioVersion = 10.0.40219.1
Project("{FAE04EC0-301F-11D3-BF4B-00C04F79EFBC}") = "IniciandoClasse", "IniciandoClasse\IniciandoClasse.csproj", "{AD9E3E0F-7DF9-4D59-9DF0-D2167C249937}"
EndProject
Global
	GlobalSection(SolutionConfigurationPlatforms) = preSolution
		Debug|Any CPU = Debug|Any CPU
		Release|Any CPU = Release|Any CPU
	EndGlobalSection
	GlobalSection(ProjectConfigurationPlatforms) = postSolution
		{AD9E3E0F-7DF9-4D59-9DF0-D2167C249937}.Debug|Any CPU.ActiveCfg = Debug|Any CPU
		{AD9E3E0F-7DF9-4D59-9DF0-D2167C249937}.Debug|Any CPU.Build.0 = Debug|Any CPU
		{AD9E3E0F-7DF9-4D59-9DF0-D2167C249937}.Release|Any CPU.ActiveCfg = Release|Any CPU
		{AD9E3E0F-7DF9-4D59-9DF0-D2167C249937}.Release|Any CPU.Build.0 = Release|Any CPU
	EndGlobalSection
	GlobalSection(SolutionProperties) = preSolution
		HideSolutionNode = FALSE
	EndGlobalSection
	GlobalSection(ExtensibilityGlobals) = postSolution
		SolutionGuid = {83DFC08D-DC8A-4DE2-B875-BCFF1EDE4B98}
	EndGlobalSection
EndGlobal
