
Microsoft Visual Studio Solution File, Format Version 12.00
# Visual Studio Version 16
VisualStudioVersion = 16.0.29215.179
MinimumVisualStudioVersion = 10.0.40219.1
Project("{FAE04EC0-301F-11D3-BF4B-00C04F79EFBC}") = "ExerciciosFelipe", "ExerciciosFelipe\ExerciciosFelipe.csproj", "{6AAD39A8-FCD1-434B-8E9D-33F79A4FAD0E}"
EndProject
Global
	GlobalSection(SolutionConfigurationPlatforms) = preSolution
		Debug|Any CPU = Debug|Any CPU
		Release|Any CPU = Release|Any CPU
	EndGlobalSection
	GlobalSection(ProjectConfigurationPlatforms) = postSolution
		{6AAD39A8-FCD1-434B-8E9D-33F79A4FAD0E}.Debug|Any CPU.ActiveCfg = Debug|Any CPU
		{6AAD39A8-FCD1-434B-8E9D-33F79A4FAD0E}.Debug|Any CPU.Build.0 = Debug|Any CPU
		{6AAD39A8-FCD1-434B-8E9D-33F79A4FAD0E}.Release|Any CPU.ActiveCfg = Release|Any CPU
		{6AAD39A8-FCD1-434B-8E9D-33F79A4FAD0E}.Release|Any CPU.Build.0 = Release|Any CPU
	EndGlobalSection
	GlobalSection(SolutionProperties) = preSolution
		HideSolutionNode = FALSE
	EndGlobalSection
	GlobalSection(ExtensibilityGlobals) = postSolution
		SolutionGuid = {5C93DBFB-C93A-41A7-BA82-0A42BA18F7C0}
	EndGlobalSection
EndGlobal
