
Microsoft Visual Studio Solution File, Format Version 12.00
# Visual Studio Version 16
VisualStudioVersion = 16.0.29020.237
MinimumVisualStudioVersion = 10.0.40219.1
Project("{FAE04EC0-301F-11D3-BF4B-00C04F79EFBC}") = "ExerPessoaMaiorIdade", "ExerPessoaMaiorIdade\ExerPessoaMaiorIdade.csproj", "{CEA79CE6-29FD-4AB7-9B31-3B3CA190FB0F}"
EndProject
Global
	GlobalSection(SolutionConfigurationPlatforms) = preSolution
		Debug|Any CPU = Debug|Any CPU
		Release|Any CPU = Release|Any CPU
	EndGlobalSection
	GlobalSection(ProjectConfigurationPlatforms) = postSolution
		{CEA79CE6-29FD-4AB7-9B31-3B3CA190FB0F}.Debug|Any CPU.ActiveCfg = Debug|Any CPU
		{CEA79CE6-29FD-4AB7-9B31-3B3CA190FB0F}.Debug|Any CPU.Build.0 = Debug|Any CPU
		{CEA79CE6-29FD-4AB7-9B31-3B3CA190FB0F}.Release|Any CPU.ActiveCfg = Release|Any CPU
		{CEA79CE6-29FD-4AB7-9B31-3B3CA190FB0F}.Release|Any CPU.Build.0 = Release|Any CPU
	EndGlobalSection
	GlobalSection(SolutionProperties) = preSolution
		HideSolutionNode = FALSE
	EndGlobalSection
	GlobalSection(ExtensibilityGlobals) = postSolution
		SolutionGuid = {4E2D911F-5044-403E-8C71-B26F70A015F1}
	EndGlobalSection
EndGlobal
