
Microsoft Visual Studio Solution File, Format Version 12.00
# Visual Studio Version 16
VisualStudioVersion = 16.0.29020.237
MinimumVisualStudioVersion = 10.0.40219.1
Project("{FAE04EC0-301F-11D3-BF4B-00C04F79EFBC}") = "Iniciando483", "Iniciando483\Iniciando483.csproj", "{EAA2F823-85AA-4A48-A5CF-D98D82D330EC}"
EndProject
Global
	GlobalSection(SolutionConfigurationPlatforms) = preSolution
		Debug|Any CPU = Debug|Any CPU
		Release|Any CPU = Release|Any CPU
	EndGlobalSection
	GlobalSection(ProjectConfigurationPlatforms) = postSolution
		{EAA2F823-85AA-4A48-A5CF-D98D82D330EC}.Debug|Any CPU.ActiveCfg = Debug|Any CPU
		{EAA2F823-85AA-4A48-A5CF-D98D82D330EC}.Debug|Any CPU.Build.0 = Debug|Any CPU
		{EAA2F823-85AA-4A48-A5CF-D98D82D330EC}.Release|Any CPU.ActiveCfg = Release|Any CPU
		{EAA2F823-85AA-4A48-A5CF-D98D82D330EC}.Release|Any CPU.Build.0 = Release|Any CPU
	EndGlobalSection
	GlobalSection(SolutionProperties) = preSolution
		HideSolutionNode = FALSE
	EndGlobalSection
	GlobalSection(ExtensibilityGlobals) = postSolution
		SolutionGuid = {B6D419A6-CAD7-4B78-A2C9-A3D4EC982121}
	EndGlobalSection
EndGlobal
