
Microsoft Visual Studio Solution File, Format Version 12.00
# Visual Studio Version 16
VisualStudioVersion = 16.0.29020.237
MinimumVisualStudioVersion = 10.0.40219.1
Project("{FAE04EC0-301F-11D3-BF4B-00C04F79EFBC}") = "CadostroCores", "CadostroCores\CadostroCores.csproj", "{4D6BA9AD-FD8E-4350-BD08-C7DA50E6B3D6}"
EndProject
Global
	GlobalSection(SolutionConfigurationPlatforms) = preSolution
		Debug|Any CPU = Debug|Any CPU
		Release|Any CPU = Release|Any CPU
	EndGlobalSection
	GlobalSection(ProjectConfigurationPlatforms) = postSolution
		{4D6BA9AD-FD8E-4350-BD08-C7DA50E6B3D6}.Debug|Any CPU.ActiveCfg = Debug|Any CPU
		{4D6BA9AD-FD8E-4350-BD08-C7DA50E6B3D6}.Debug|Any CPU.Build.0 = Debug|Any CPU
		{4D6BA9AD-FD8E-4350-BD08-C7DA50E6B3D6}.Release|Any CPU.ActiveCfg = Release|Any CPU
		{4D6BA9AD-FD8E-4350-BD08-C7DA50E6B3D6}.Release|Any CPU.Build.0 = Release|Any CPU
	EndGlobalSection
	GlobalSection(SolutionProperties) = preSolution
		HideSolutionNode = FALSE
	EndGlobalSection
	GlobalSection(ExtensibilityGlobals) = postSolution
		SolutionGuid = {F11807C5-675E-47AD-AA9F-0034191C4D71}
	EndGlobalSection
EndGlobal
